
Microsoft Visual Studio Solution File, Format Version 12.00
# Visual Studio 2012
Project("{FAE04EC0-301F-11D3-BF4B-00C04F79EFBC}") = "TheStack.CSharp", "TheStack.CSharp.csproj", "{43C1DDA7-634D-5539-C5C8-160168400849}"
EndProject
Global
	GlobalSection(SolutionConfigurationPlatforms) = preSolution
		Debug|Any CPU = Debug|Any CPU
		Release|Any CPU = Release|Any CPU
	EndGlobalSection
	GlobalSection(ProjectConfigurationPlatforms) = postSolution
		{43C1DDA7-634D-5539-C5C8-160168400849}.Debug|Any CPU.ActiveCfg = Debug|Any CPU
		{43C1DDA7-634D-5539-C5C8-160168400849}.Debug|Any CPU.Build.0 = Debug|Any CPU
		{43C1DDA7-634D-5539-C5C8-160168400849}.Release|Any CPU.ActiveCfg = Release|Any CPU
		{43C1DDA7-634D-5539-C5C8-160168400849}.Release|Any CPU.Build.0 = Release|Any CPU
	EndGlobalSection
	GlobalSection(SolutionProperties) = preSolution
		HideSolutionNode = FALSE
	EndGlobalSection
EndGlobal
